// !$*UTF8*$!
{
	archiveVersion = 1;
	classes = {
	};
	objectVersion = 46;
	objects = {

/* Begin PBXBuildFile section */
		E5196F3717EE56C9003BBDE4 /* Foundation.framework in Frameworks */ = {isa = PBXBuildFile; fileRef = E5196F3617EE56C9003BBDE4 /* Foundation.framework */; };
		E5196F3917EE56C9003BBDE4 /* CoreGraphics.framework in Frameworks */ = {isa = PBXBuildFile; fileRef = E5196F3817EE56C9003BBDE4 /* CoreGraphics.framework */; };
		E5196F3B17EE56C9003BBDE4 /* UIKit.framework in Frameworks */ = {isa = PBXBuildFile; fileRef = E5196F3A17EE56C9003BBDE4 /* UIKit.framework */; };
		E5196F4117EE56C9003BBDE4 /* InfoPlist.strings in Resources */ = {isa = PBXBuildFile; fileRef = E5196F3F17EE56C9003BBDE4 /* InfoPlist.strings */; };
		E5196F4317EE56C9003BBDE4 /* main.m in Sources */ = {isa = PBXBuildFile; fileRef = E5196F4217EE56C9003BBDE4 /* main.m */; };
		E5196F4717EE56C9003BBDE4 /* LRAppDelegate.m in Sources */ = {isa = PBXBuildFile; fileRef = E5196F4617EE56C9003BBDE4 /* LRAppDelegate.m */; };
		E5196F5317EE56C9003BBDE4 /* Main.storyboard in Resources */ = {isa = PBXBuildFile; fileRef = E5196F5117EE56C9003BBDE4 /* Main.storyboard */; };
		E5196F5517EE56C9003BBDE4 /* Images.xcassets in Resources */ = {isa = PBXBuildFile; fileRef = E5196F5417EE56C9003BBDE4 /* Images.xcassets */; };
		E5196F5C17EE56C9003BBDE4 /* XCTest.framework in Frameworks */ = {isa = PBXBuildFile; fileRef = E5196F5B17EE56C9003BBDE4 /* XCTest.framework */; };
		E5196F5D17EE56C9003BBDE4 /* Foundation.framework in Frameworks */ = {isa = PBXBuildFile; fileRef = E5196F3617EE56C9003BBDE4 /* Foundation.framework */; };
		E5196F5E17EE56C9003BBDE4 /* UIKit.framework in Frameworks */ = {isa = PBXBuildFile; fileRef = E5196F3A17EE56C9003BBDE4 /* UIKit.framework */; };
		E5196F6617EE56C9003BBDE4 /* InfoPlist.strings in Resources */ = {isa = PBXBuildFile; fileRef = E5196F6417EE56C9003BBDE4 /* InfoPlist.strings */; };
		E5196F6817EE56C9003BBDE4 /* LunchRouletteTests.m in Sources */ = {isa = PBXBuildFile; fileRef = E5196F6717EE56C9003BBDE4 /* LunchRouletteTests.m */; };
		E5196F7217EE61E6003BBDE4 /* FacebookSDK.framework in Frameworks */ = {isa = PBXBuildFile; fileRef = E5196F7117EE61E6003BBDE4 /* FacebookSDK.framework */; };
		E5196F7617EE6693003BBDE4 /* Parse.framework in Frameworks */ = {isa = PBXBuildFile; fileRef = E5196F7517EE6692003BBDE4 /* Parse.framework */; };
		E5196F7817EE66CA003BBDE4 /* AudioToolbox.framework in Frameworks */ = {isa = PBXBuildFile; fileRef = E5196F7717EE66CA003BBDE4 /* AudioToolbox.framework */; };
		E5196F7A17EE66D2003BBDE4 /* CFNetwork.framework in Frameworks */ = {isa = PBXBuildFile; fileRef = E5196F7917EE66D2003BBDE4 /* CFNetwork.framework */; };
		E5196F7C17EE66DE003BBDE4 /* CoreLocation.framework in Frameworks */ = {isa = PBXBuildFile; fileRef = E5196F7B17EE66DE003BBDE4 /* CoreLocation.framework */; };
		E5196F7E17EE66E7003BBDE4 /* libz.1.1.3.dylib in Frameworks */ = {isa = PBXBuildFile; fileRef = E5196F7D17EE66E7003BBDE4 /* libz.1.1.3.dylib */; };
		E5196F8017EE66ED003BBDE4 /* MobileCoreServices.framework in Frameworks */ = {isa = PBXBuildFile; fileRef = E5196F7F17EE66ED003BBDE4 /* MobileCoreServices.framework */; };
		E5196F8217EE66F4003BBDE4 /* QuartzCore.framework in Frameworks */ = {isa = PBXBuildFile; fileRef = E5196F8117EE66F4003BBDE4 /* QuartzCore.framework */; };
		E5196F8417EE66FA003BBDE4 /* Security.framework in Frameworks */ = {isa = PBXBuildFile; fileRef = E5196F8317EE66FA003BBDE4 /* Security.framework */; };
		E5196F8617EE66FF003BBDE4 /* StoreKit.framework in Frameworks */ = {isa = PBXBuildFile; fileRef = E5196F8517EE66FF003BBDE4 /* StoreKit.framework */; };
		E5196F8817EE6707003BBDE4 /* SystemConfiguration.framework in Frameworks */ = {isa = PBXBuildFile; fileRef = E5196F8717EE6707003BBDE4 /* SystemConfiguration.framework */; };
		E5196F8B17EE6AE3003BBDE4 /* LRRootViewController.m in Sources */ = {isa = PBXBuildFile; fileRef = E5196F8A17EE6AE3003BBDE4 /* LRRootViewController.m */; };
/* End PBXBuildFile section */

/* Begin PBXContainerItemProxy section */
		E5196F5F17EE56C9003BBDE4 /* PBXContainerItemProxy */ = {
			isa = PBXContainerItemProxy;
			containerPortal = E5196F2B17EE56C8003BBDE4 /* Project object */;
			proxyType = 1;
			remoteGlobalIDString = E5196F3217EE56C9003BBDE4;
			remoteInfo = LunchRoulette;
		};
/* End PBXContainerItemProxy section */

/* Begin PBXFileReference section */
		E5196F3317EE56C9003BBDE4 /* LunchRoulette.app */ = {isa = PBXFileReference; explicitFileType = wrapper.application; includeInIndex = 0; path = LunchRoulette.app; sourceTree = BUILT_PRODUCTS_DIR; };
		E5196F3617EE56C9003BBDE4 /* Foundation.framework */ = {isa = PBXFileReference; lastKnownFileType = wrapper.framework; name = Foundation.framework; path = System/Library/Frameworks/Foundation.framework; sourceTree = SDKROOT; };
		E5196F3817EE56C9003BBDE4 /* CoreGraphics.framework */ = {isa = PBXFileReference; lastKnownFileType = wrapper.framework; name = CoreGraphics.framework; path = System/Library/Frameworks/CoreGraphics.framework; sourceTree = SDKROOT; };
		E5196F3A17EE56C9003BBDE4 /* UIKit.framework */ = {isa = PBXFileReference; lastKnownFileType = wrapper.framework; name = UIKit.framework; path = System/Library/Frameworks/UIKit.framework; sourceTree = SDKROOT; };
		E5196F3E17EE56C9003BBDE4 /* LunchRoulette-Info.plist */ = {isa = PBXFileReference; lastKnownFileType = text.plist.xml; path = "LunchRoulette-Info.plist"; sourceTree = "<group>"; };
		E5196F4017EE56C9003BBDE4 /* en */ = {isa = PBXFileReference; lastKnownFileType = text.plist.strings; name = en; path = en.lproj/InfoPlist.strings; sourceTree = "<group>"; };
		E5196F4217EE56C9003BBDE4 /* main.m */ = {isa = PBXFileReference; lastKnownFileType = sourcecode.c.objc; path = main.m; sourceTree = "<group>"; };
		E5196F4417EE56C9003BBDE4 /* LunchRoulette-Prefix.pch */ = {isa = PBXFileReference; lastKnownFileType = sourcecode.c.h; path = "LunchRoulette-Prefix.pch"; sourceTree = "<group>"; };
		E5196F4517EE56C9003BBDE4 /* LRAppDelegate.h */ = {isa = PBXFileReference; lastKnownFileType = sourcecode.c.h; path = LRAppDelegate.h; sourceTree = "<group>"; };
		E5196F4617EE56C9003BBDE4 /* LRAppDelegate.m */ = {isa = PBXFileReference; lastKnownFileType = sourcecode.c.objc; path = LRAppDelegate.m; sourceTree = "<group>"; };
		E5196F5217EE56C9003BBDE4 /* Base */ = {isa = PBXFileReference; lastKnownFileType = file.storyboard; name = Base; path = Base.lproj/Main.storyboard; sourceTree = "<group>"; };
		E5196F5417EE56C9003BBDE4 /* Images.xcassets */ = {isa = PBXFileReference; lastKnownFileType = folder.assetcatalog; path = Images.xcassets; sourceTree = "<group>"; };
		E5196F5A17EE56C9003BBDE4 /* LunchRouletteTests.xctest */ = {isa = PBXFileReference; explicitFileType = wrapper.cfbundle; includeInIndex = 0; path = LunchRouletteTests.xctest; sourceTree = BUILT_PRODUCTS_DIR; };
		E5196F5B17EE56C9003BBDE4 /* XCTest.framework */ = {isa = PBXFileReference; lastKnownFileType = wrapper.framework; name = XCTest.framework; path = Library/Frameworks/XCTest.framework; sourceTree = DEVELOPER_DIR; };
		E5196F6317EE56C9003BBDE4 /* LunchRouletteTests-Info.plist */ = {isa = PBXFileReference; lastKnownFileType = text.plist.xml; path = "LunchRouletteTests-Info.plist"; sourceTree = "<group>"; };
		E5196F6517EE56C9003BBDE4 /* en */ = {isa = PBXFileReference; lastKnownFileType = text.plist.strings; name = en; path = en.lproj/InfoPlist.strings; sourceTree = "<group>"; };
		E5196F6717EE56C9003BBDE4 /* LunchRouletteTests.m */ = {isa = PBXFileReference; lastKnownFileType = sourcecode.c.objc; path = LunchRouletteTests.m; sourceTree = "<group>"; };
		E5196F7117EE61E6003BBDE4 /* FacebookSDK.framework */ = {isa = PBXFileReference; lastKnownFileType = wrapper.framework; name = FacebookSDK.framework; path = ../../../Downloads/FacebookSDK/FacebookSDK.framework; sourceTree = "<group>"; };
		E5196F7517EE6692003BBDE4 /* Parse.framework */ = {isa = PBXFileReference; lastKnownFileType = wrapper.framework; path = Parse.framework; sourceTree = "<group>"; };
		E5196F7717EE66CA003BBDE4 /* AudioToolbox.framework */ = {isa = PBXFileReference; lastKnownFileType = wrapper.framework; name = AudioToolbox.framework; path = System/Library/Frameworks/AudioToolbox.framework; sourceTree = SDKROOT; };
		E5196F7917EE66D2003BBDE4 /* CFNetwork.framework */ = {isa = PBXFileReference; lastKnownFileType = wrapper.framework; name = CFNetwork.framework; path = System/Library/Frameworks/CFNetwork.framework; sourceTree = SDKROOT; };
		E5196F7B17EE66DE003BBDE4 /* CoreLocation.framework */ = {isa = PBXFileReference; lastKnownFileType = wrapper.framework; name = CoreLocation.framework; path = System/Library/Frameworks/CoreLocation.framework; sourceTree = SDKROOT; };
		E5196F7D17EE66E7003BBDE4 /* libz.1.1.3.dylib */ = {isa = PBXFileReference; lastKnownFileType = "compiled.mach-o.dylib"; name = libz.1.1.3.dylib; path = usr/lib/libz.1.1.3.dylib; sourceTree = SDKROOT; };
		E5196F7F17EE66ED003BBDE4 /* MobileCoreServices.framework */ = {isa = PBXFileReference; lastKnownFileType = wrapper.framework; name = MobileCoreServices.framework; path = System/Library/Frameworks/MobileCoreServices.framework; sourceTree = SDKROOT; };
		E5196F8117EE66F4003BBDE4 /* QuartzCore.framework */ = {isa = PBXFileReference; lastKnownFileType = wrapper.framework; name = QuartzCore.framework; path = System/Library/Frameworks/QuartzCore.framework; sourceTree = SDKROOT; };
		E5196F8317EE66FA003BBDE4 /* Security.framework */ = {isa = PBXFileReference; lastKnownFileType = wrapper.framework; name = Security.framework; path = System/Library/Frameworks/Security.framework; sourceTree = SDKROOT; };
		E5196F8517EE66FF003BBDE4 /* StoreKit.framework */ = {isa = PBXFileReference; lastKnownFileType = wrapper.framework; name = StoreKit.framework; path = System/Library/Frameworks/StoreKit.framework; sourceTree = SDKROOT; };
		E5196F8717EE6707003BBDE4 /* SystemConfiguration.framework */ = {isa = PBXFileReference; lastKnownFileType = wrapper.framework; name = SystemConfiguration.framework; path = System/Library/Frameworks/SystemConfiguration.framework; sourceTree = SDKROOT; };
		E5196F8917EE6AE3003BBDE4 /* LRRootViewController.h */ = {isa = PBXFileReference; fileEncoding = 4; lastKnownFileType = sourcecode.c.h; path = LRRootViewController.h; sourceTree = "<group>"; };
		E5196F8A17EE6AE3003BBDE4 /* LRRootViewController.m */ = {isa = PBXFileReference; fileEncoding = 4; lastKnownFileType = sourcecode.c.objc; path = LRRootViewController.m; sourceTree = "<group>"; };
/* End PBXFileReference section */

/* Begin PBXFrameworksBuildPhase section */
		E5196F3017EE56C9003BBDE4 /* Frameworks */ = {
			isa = PBXFrameworksBuildPhase;
			buildActionMask = 2147483647;
			files = (
				E5196F8817EE6707003BBDE4 /* SystemConfiguration.framework in Frameworks */,
				E5196F8617EE66FF003BBDE4 /* StoreKit.framework in Frameworks */,
				E5196F8417EE66FA003BBDE4 /* Security.framework in Frameworks */,
				E5196F8217EE66F4003BBDE4 /* QuartzCore.framework in Frameworks */,
				E5196F8017EE66ED003BBDE4 /* MobileCoreServices.framework in Frameworks */,
				E5196F7E17EE66E7003BBDE4 /* libz.1.1.3.dylib in Frameworks */,
				E5196F7C17EE66DE003BBDE4 /* CoreLocation.framework in Frameworks */,
				E5196F3917EE56C9003BBDE4 /* CoreGraphics.framework in Frameworks */,
				E5196F7A17EE66D2003BBDE4 /* CFNetwork.framework in Frameworks */,
				E5196F7817EE66CA003BBDE4 /* AudioToolbox.framework in Frameworks */,
				E5196F7217EE61E6003BBDE4 /* FacebookSDK.framework in Frameworks */,
				E5196F3B17EE56C9003BBDE4 /* UIKit.framework in Frameworks */,
				E5196F3717EE56C9003BBDE4 /* Foundation.framework in Frameworks */,
				E5196F7617EE6693003BBDE4 /* Parse.framework in Frameworks */,
			);
			runOnlyForDeploymentPostprocessing = 0;
		};
		E5196F5717EE56C9003BBDE4 /* Frameworks */ = {
			isa = PBXFrameworksBuildPhase;
			buildActionMask = 2147483647;
			files = (
				E5196F5C17EE56C9003BBDE4 /* XCTest.framework in Frameworks */,
				E5196F5E17EE56C9003BBDE4 /* UIKit.framework in Frameworks */,
				E5196F5D17EE56C9003BBDE4 /* Foundation.framework in Frameworks */,
			);
			runOnlyForDeploymentPostprocessing = 0;
		};
/* End PBXFrameworksBuildPhase section */

/* Begin PBXGroup section */
		E5196F2A17EE56C8003BBDE4 = {
			isa = PBXGroup;
			children = (
				E5196F3C17EE56C9003BBDE4 /* LunchRoulette */,
				E5196F6117EE56C9003BBDE4 /* LunchRouletteTests */,
				E5196F3517EE56C9003BBDE4 /* Frameworks */,
				E5196F3417EE56C9003BBDE4 /* Products */,
			);
			sourceTree = "<group>";
		};
		E5196F3417EE56C9003BBDE4 /* Products */ = {
			isa = PBXGroup;
			children = (
				E5196F3317EE56C9003BBDE4 /* LunchRoulette.app */,
				E5196F5A17EE56C9003BBDE4 /* LunchRouletteTests.xctest */,
			);
			name = Products;
			sourceTree = "<group>";
		};
		E5196F3517EE56C9003BBDE4 /* Frameworks */ = {
			isa = PBXGroup;
			children = (
				E5196F8717EE6707003BBDE4 /* SystemConfiguration.framework */,
				E5196F8517EE66FF003BBDE4 /* StoreKit.framework */,
				E5196F8317EE66FA003BBDE4 /* Security.framework */,
				E5196F8117EE66F4003BBDE4 /* QuartzCore.framework */,
				E5196F7F17EE66ED003BBDE4 /* MobileCoreServices.framework */,
				E5196F7D17EE66E7003BBDE4 /* libz.1.1.3.dylib */,
				E5196F7B17EE66DE003BBDE4 /* CoreLocation.framework */,
				E5196F7917EE66D2003BBDE4 /* CFNetwork.framework */,
				E5196F7717EE66CA003BBDE4 /* AudioToolbox.framework */,
				E5196F7517EE6692003BBDE4 /* Parse.framework */,
				E5196F7117EE61E6003BBDE4 /* FacebookSDK.framework */,
				E5196F3617EE56C9003BBDE4 /* Foundation.framework */,
				E5196F3817EE56C9003BBDE4 /* CoreGraphics.framework */,
				E5196F3A17EE56C9003BBDE4 /* UIKit.framework */,
				E5196F5B17EE56C9003BBDE4 /* XCTest.framework */,
			);
			name = Frameworks;
			sourceTree = "<group>";
		};
		E5196F3C17EE56C9003BBDE4 /* LunchRoulette */ = {
			isa = PBXGroup;
			children = (
				E5196F4517EE56C9003BBDE4 /* LRAppDelegate.h */,
				E5196F4617EE56C9003BBDE4 /* LRAppDelegate.m */,
				E5196F8917EE6AE3003BBDE4 /* LRRootViewController.h */,
				E5196F8A17EE6AE3003BBDE4 /* LRRootViewController.m */,
				E5196F5117EE56C9003BBDE4 /* Main.storyboard */,
				E5196F5417EE56C9003BBDE4 /* Images.xcassets */,
				E5196F3D17EE56C9003BBDE4 /* Supporting Files */,
			);
			path = LunchRoulette;
			sourceTree = "<group>";
		};
		E5196F3D17EE56C9003BBDE4 /* Supporting Files */ = {
			isa = PBXGroup;
			children = (
				E5196F3E17EE56C9003BBDE4 /* LunchRoulette-Info.plist */,
				E5196F3F17EE56C9003BBDE4 /* InfoPlist.strings */,
				E5196F4217EE56C9003BBDE4 /* main.m */,
				E5196F4417EE56C9003BBDE4 /* LunchRoulette-Prefix.pch */,
			);
			name = "Supporting Files";
			sourceTree = "<group>";
		};
		E5196F6117EE56C9003BBDE4 /* LunchRouletteTests */ = {
			isa = PBXGroup;
			children = (
				E5196F6717EE56C9003BBDE4 /* LunchRouletteTests.m */,
				E5196F6217EE56C9003BBDE4 /* Supporting Files */,
			);
			path = LunchRouletteTests;
			sourceTree = "<group>";
		};
		E5196F6217EE56C9003BBDE4 /* Supporting Files */ = {
			isa = PBXGroup;
			children = (
				E5196F6317EE56C9003BBDE4 /* LunchRouletteTests-Info.plist */,
				E5196F6417EE56C9003BBDE4 /* InfoPlist.strings */,
			);
			name = "Supporting Files";
			sourceTree = "<group>";
		};
/* End PBXGroup section */

/* Begin PBXNativeTarget section */
		E5196F3217EE56C9003BBDE4 /* LunchRoulette */ = {
			isa = PBXNativeTarget;
			buildConfigurationList = E5196F6B17EE56C9003BBDE4 /* Build configuration list for PBXNativeTarget "LunchRoulette" */;
			buildPhases = (
				E5196F2F17EE56C9003BBDE4 /* Sources */,
				E5196F3017EE56C9003BBDE4 /* Frameworks */,
				E5196F3117EE56C9003BBDE4 /* Resources */,
			);
			buildRules = (
			);
			dependencies = (
			);
			name = LunchRoulette;
			productName = LunchRoulette;
			productReference = E5196F3317EE56C9003BBDE4 /* LunchRoulette.app */;
			productType = "com.apple.product-type.application";
		};
		E5196F5917EE56C9003BBDE4 /* LunchRouletteTests */ = {
			isa = PBXNativeTarget;
			buildConfigurationList = E5196F6E17EE56C9003BBDE4 /* Build configuration list for PBXNativeTarget "LunchRouletteTests" */;
			buildPhases = (
				E5196F5617EE56C9003BBDE4 /* Sources */,
				E5196F5717EE56C9003BBDE4 /* Frameworks */,
				E5196F5817EE56C9003BBDE4 /* Resources */,
			);
			buildRules = (
			);
			dependencies = (
				E5196F6017EE56C9003BBDE4 /* PBXTargetDependency */,
			);
			name = LunchRouletteTests;
			productName = LunchRouletteTests;
			productReference = E5196F5A17EE56C9003BBDE4 /* LunchRouletteTests.xctest */;
			productType = "com.apple.product-type.bundle.unit-test";
		};
/* End PBXNativeTarget section */

/* Begin PBXProject section */
		E5196F2B17EE56C8003BBDE4 /* Project object */ = {
			isa = PBXProject;
			attributes = {
				CLASSPREFIX = LR;
				LastUpgradeCheck = 0500;
				ORGANIZATIONNAME = "Valentin Tsatskin";
				TargetAttributes = {
					E5196F5917EE56C9003BBDE4 = {
						TestTargetID = E5196F3217EE56C9003BBDE4;
					};
				};
			};
			buildConfigurationList = E5196F2E17EE56C8003BBDE4 /* Build configuration list for PBXProject "LunchRoulette" */;
			compatibilityVersion = "Xcode 3.2";
			developmentRegion = English;
			hasScannedForEncodings = 0;
			knownRegions = (
				en,
				Base,
			);
			mainGroup = E5196F2A17EE56C8003BBDE4;
			productRefGroup = E5196F3417EE56C9003BBDE4 /* Products */;
			projectDirPath = "";
			projectRoot = "";
			targets = (
				E5196F3217EE56C9003BBDE4 /* LunchRoulette */,
				E5196F5917EE56C9003BBDE4 /* LunchRouletteTests */,
			);
		};
/* End PBXProject section */

/* Begin PBXResourcesBuildPhase section */
		E5196F3117EE56C9003BBDE4 /* Resources */ = {
			isa = PBXResourcesBuildPhase;
			buildActionMask = 2147483647;
			files = (
				E5196F5517EE56C9003BBDE4 /* Images.xcassets in Resources */,
				E5196F4117EE56C9003BBDE4 /* InfoPlist.strings in Resources */,
				E5196F5317EE56C9003BBDE4 /* Main.storyboard in Resources */,
			);
			runOnlyForDeploymentPostprocessing = 0;
		};
		E5196F5817EE56C9003BBDE4 /* Resources */ = {
			isa = PBXResourcesBuildPhase;
			buildActionMask = 2147483647;
			files = (
				E5196F6617EE56C9003BBDE4 /* InfoPlist.strings in Resources */,
			);
			runOnlyForDeploymentPostprocessing = 0;
		};
/* End PBXResourcesBuildPhase section */

/* Begin PBXSourcesBuildPhase section */
		E5196F2F17EE56C9003BBDE4 /* Sources */ = {
			isa = PBXSourcesBuildPhase;
			buildActionMask = 2147483647;
			files = (
				E5196F8B17EE6AE3003BBDE4 /* LRRootViewController.m in Sources */,
				E5196F4717EE56C9003BBDE4 /* LRAppDelegate.m in Sources */,
				E5196F4317EE56C9003BBDE4 /* main.m in Sources */,
			);
			runOnlyForDeploymentPostprocessing = 0;
		};
		E5196F5617EE56C9003BBDE4 /* Sources */ = {
			isa = PBXSourcesBuildPhase;
			buildActionMask = 2147483647;
			files = (
				E5196F6817EE56C9003BBDE4 /* LunchRouletteTests.m in Sources */,
			);
			runOnlyForDeploymentPostprocessing = 0;
		};
/* End PBXSourcesBuildPhase section */

/* Begin PBXTargetDependency section */
		E5196F6017EE56C9003BBDE4 /* PBXTargetDependency */ = {
			isa = PBXTargetDependency;
			target = E5196F3217EE56C9003BBDE4 /* LunchRoulette */;
			targetProxy = E5196F5F17EE56C9003BBDE4 /* PBXContainerItemProxy */;
		};
/* End PBXTargetDependency section */

/* Begin PBXVariantGroup section */
		E5196F3F17EE56C9003BBDE4 /* InfoPlist.strings */ = {
			isa = PBXVariantGroup;
			children = (
				E5196F4017EE56C9003BBDE4 /* en */,
			);
			name = InfoPlist.strings;
			sourceTree = "<group>";
		};
		E5196F5117EE56C9003BBDE4 /* Main.storyboard */ = {
			isa = PBXVariantGroup;
			children = (
				E5196F5217EE56C9003BBDE4 /* Base */,
			);
			name = Main.storyboard;
			sourceTree = "<group>";
		};
		E5196F6417EE56C9003BBDE4 /* InfoPlist.strings */ = {
			isa = PBXVariantGroup;
			children = (
				E5196F6517EE56C9003BBDE4 /* en */,
			);
			name = InfoPlist.strings;
			sourceTree = "<group>";
		};
/* End PBXVariantGroup section */

/* Begin XCBuildConfiguration section */
		E5196F6917EE56C9003BBDE4 /* Debug */ = {
			isa = XCBuildConfiguration;
			buildSettings = {
				ALWAYS_SEARCH_USER_PATHS = NO;
				CLANG_CXX_LANGUAGE_STANDARD = "gnu++0x";
				CLANG_CXX_LIBRARY = "libc++";
				CLANG_ENABLE_MODULES = YES;
				CLANG_ENABLE_OBJC_ARC = YES;
				CLANG_WARN_BOOL_CONVERSION = YES;
				CLANG_WARN_CONSTANT_CONVERSION = YES;
				CLANG_WARN_DIRECT_OBJC_ISA_USAGE = YES_ERROR;
				CLANG_WARN_EMPTY_BODY = YES;
				CLANG_WARN_ENUM_CONVERSION = YES;
				CLANG_WARN_INT_CONVERSION = YES;
				CLANG_WARN_OBJC_ROOT_CLASS = YES_ERROR;
				CLANG_WARN__DUPLICATE_METHOD_MATCH = YES;
				"CODE_SIGN_IDENTITY[sdk=iphoneos*]" = "iPhone Developer";
				COPY_PHASE_STRIP = NO;
				GCC_C_LANGUAGE_STANDARD = gnu99;
				GCC_DYNAMIC_NO_PIC = NO;
				GCC_OPTIMIZATION_LEVEL = 0;
				GCC_PREPROCESSOR_DEFINITIONS = (
					"DEBUG=1",
					"$(inherited)",
				);
				GCC_SYMBOLS_PRIVATE_EXTERN = NO;
				GCC_WARN_ABOUT_RETURN_TYPE = YES_ERROR;
				GCC_WARN_UNDECLARED_SELECTOR = YES;
				GCC_WARN_UNINITIALIZED_AUTOS = YES;
				GCC_WARN_UNUSED_FUNCTION = YES;
				GCC_WARN_UNUSED_VARIABLE = YES;
				IPHONEOS_DEPLOYMENT_TARGET = 7.0;
				ONLY_ACTIVE_ARCH = YES;
				SDKROOT = iphoneos;
			};
			name = Debug;
		};
		E5196F6A17EE56C9003BBDE4 /* Release */ = {
			isa = XCBuildConfiguration;
			buildSettings = {
				ALWAYS_SEARCH_USER_PATHS = NO;
				CLANG_CXX_LANGUAGE_STANDARD = "gnu++0x";
				CLANG_CXX_LIBRARY = "libc++";
				CLANG_ENABLE_MODULES = YES;
				CLANG_ENABLE_OBJC_ARC = YES;
				CLANG_WARN_BOOL_CONVERSION = YES;
				CLANG_WARN_CONSTANT_CONVERSION = YES;
				CLANG_WARN_DIRECT_OBJC_ISA_USAGE = YES_ERROR;
				CLANG_WARN_EMPTY_BODY = YES;
				CLANG_WARN_ENUM_CONVERSION = YES;
				CLANG_WARN_INT_CONVERSION = YES;
				CLANG_WARN_OBJC_ROOT_CLASS = YES_ERROR;
				CLANG_WARN__DUPLICATE_METHOD_MATCH = YES;
				"CODE_SIGN_IDENTITY[sdk=iphoneos*]" = "iPhone Developer";
				COPY_PHASE_STRIP = YES;
				ENABLE_NS_ASSERTIONS = NO;
				GCC_C_LANGUAGE_STANDARD = gnu99;
				GCC_WARN_ABOUT_RETURN_TYPE = YES_ERROR;
				GCC_WARN_UNDECLARED_SELECTOR = YES;
				GCC_WARN_UNINITIALIZED_AUTOS = YES;
				GCC_WARN_UNUSED_FUNCTION = YES;
				GCC_WARN_UNUSED_VARIABLE = YES;
				IPHONEOS_DEPLOYMENT_TARGET = 7.0;
				SDKROOT = iphoneos;
				VALIDATE_PRODUCT = YES;
			};
			name = Release;
		};
		E5196F6C17EE56C9003BBDE4 /* Debug */ = {
			isa = XCBuildConfiguration;
			buildSettings = {
				ASSETCATALOG_COMPILER_APPICON_NAME = AppIcon;
				ASSETCATALOG_COMPILER_LAUNCHIMAGE_NAME = LaunchImage;
				FRAMEWORK_SEARCH_PATHS = (
					"$(inherited)",
					/Users/vtsatskin/Downloads/FacebookSDK,
					/Users/vtsatskin/Code/LunchRoulette/LunchRoulette,
				);
				GCC_PRECOMPILE_PREFIX_HEADER = YES;
				GCC_PREFIX_HEADER = "LunchRoulette/LunchRoulette-Prefix.pch";
				INFOPLIST_FILE = "LunchRoulette/LunchRoulette-Info.plist";
				PRODUCT_NAME = "$(TARGET_NAME)";
				WRAPPER_EXTENSION = app;
			};
			name = Debug;
		};
		E5196F6D17EE56C9003BBDE4 /* Release */ = {
			isa = XCBuildConfiguration;
			buildSettings = {
				ASSETCATALOG_COMPILER_APPICON_NAME = AppIcon;
				ASSETCATALOG_COMPILER_LAUNCHIMAGE_NAME = LaunchImage;
				FRAMEWORK_SEARCH_PATHS = (
					"$(inherited)",
					/Users/vtsatskin/Downloads/FacebookSDK,
					/Users/vtsatskin/Code/LunchRoulette/LunchRoulette,
				);
				GCC_PRECOMPILE_PREFIX_HEADER = YES;
				GCC_PREFIX_HEADER = "LunchRoulette/LunchRoulette-Prefix.pch";
				INFOPLIST_FILE = "LunchRoulette/LunchRoulette-Info.plist";
				PRODUCT_NAME = "$(TARGET_NAME)";
				WRAPPER_EXTENSION = app;
			};
			name = Release;
		};
		E5196F6F17EE56C9003BBDE4 /* Debug */ = {
			isa = XCBuildConfiguration;
			buildSettings = {
				BUNDLE_LOADER = "$(BUILT_PRODUCTS_DIR)/LunchRoulette.app/LunchRoulette";
				FRAMEWORK_SEARCH_PATHS = (
					"$(SDKROOT)/Developer/Library/Frameworks",
					"$(inherited)",
					"$(DEVELOPER_FRAMEWORKS_DIR)",
				);
				GCC_PRECOMPILE_PREFIX_HEADER = YES;
				GCC_PREFIX_HEADER = "LunchRoulette/LunchRoulette-Prefix.pch";
				GCC_PREPROCESSOR_DEFINITIONS = (
					"DEBUG=1",
					"$(inherited)",
				);
				INFOPLIST_FILE = "LunchRouletteTests/LunchRouletteTests-Info.plist";
				PRODUCT_NAME = "$(TARGET_NAME)";
				TEST_HOST = "$(BUNDLE_LOADER)";
				WRAPPER_EXTENSION = xctest;
			};
			name = Debug;
		};
		E5196F7017EE56C9003BBDE4 /* Release */ = {
			isa = XCBuildConfiguration;
			buildSettings = {
				BUNDLE_LOADER = "$(BUILT_PRODUCTS_DIR)/LunchRoulette.app/LunchRoulette";
				FRAMEWORK_SEARCH_PATHS = (
					"$(SDKROOT)/Developer/Library/Frameworks",
					"$(inherited)",
					"$(DEVELOPER_FRAMEWORKS_DIR)",
				);
				GCC_PRECOMPILE_PREFIX_HEADER = YES;
				GCC_PREFIX_HEADER = "LunchRoulette/LunchRoulette-Prefix.pch";
				INFOPLIST_FILE = "LunchRouletteTests/LunchRouletteTests-Info.plist";
				PRODUCT_NAME = "$(TARGET_NAME)";
				TEST_HOST = "$(BUNDLE_LOADER)";
				WRAPPER_EXTENSION = xctest;
			};
			name = Release;
		};
/* End XCBuildConfiguration section */

/* Begin XCConfigurationList section */
		E5196F2E17EE56C8003BBDE4 /* Build configuration list for PBXProject "LunchRoulette" */ = {
			isa = XCConfigurationList;
			buildConfigurations = (
				E5196F6917EE56C9003BBDE4 /* Debug */,
				E5196F6A17EE56C9003BBDE4 /* Release */,
			);
			defaultConfigurationIsVisible = 0;
			defaultConfigurationName = Release;
		};
		E5196F6B17EE56C9003BBDE4 /* Build configuration list for PBXNativeTarget "LunchRoulette" */ = {
			isa = XCConfigurationList;
			buildConfigurations = (
				E5196F6C17EE56C9003BBDE4 /* Debug */,
				E5196F6D17EE56C9003BBDE4 /* Release */,
			);
			defaultConfigurationIsVisible = 0;
		};
		E5196F6E17EE56C9003BBDE4 /* Build configuration list for PBXNativeTarget "LunchRouletteTests" */ = {
			isa = XCConfigurationList;
			buildConfigurations = (
				E5196F6F17EE56C9003BBDE4 /* Debug */,
				E5196F7017EE56C9003BBDE4 /* Release */,
			);
			defaultConfigurationIsVisible = 0;
		};
/* End XCConfigurationList section */
	};
	rootObject = E5196F2B17EE56C8003BBDE4 /* Project object */;
}
